# generated by rye
# use `rye lock` or `rye sync` to update this lockfile
#
# last locked with the following flags:
#   pre: false
#   features: []
#   all-features: false
#   with-sources: false

-e file:.
certifi==2024.2.2
    # via requests
charset-normalizer==3.3.2
    # via requests
contourpy==1.2.0
    # via matplotlib
cycler==0.12.1
    # via matplotlib
docutils==0.20.1
    # via kivy
    # via kivy-examples
et-xmlfile==1.1.0
    # via openpyxl
filelock==3.13.1
    # via huggingface-hub
    # via torch
    # via transformers
fonttools==4.49.0
    # via matplotlib
fsspec==2024.2.0
    # via huggingface-hub
    # via torch
huggingface-hub==0.21.3
    # via tokenizers
    # via transformers
idna==3.6
    # via requests
jinja2==3.1.3
    # via torch
kivy==2.3.0
    # via kivy
    # via pm-kun
kivy-examples==2.3.0
    # via pm-kun
kivy-garden==0.1.5
    # via kivy
    # via kivy-examples
kiwisolver==1.4.5
    # via matplotlib
markupsafe==2.1.5
    # via jinja2
matplotlib==3.8.3
    # via pm-kun
mpmath==1.3.0
    # via sympy
mypy==1.8.0
    # via pm-kun
mypy-extensions==1.0.0
    # via mypy
networkx==3.2.1
    # via torch
numpy==1.26.4
    # via contourpy
    # via matplotlib
    # via pandas
    # via torchvision
    # via transformers
openpyxl==3.1.2
    # via pm-kun
packaging==23.2
    # via huggingface-hub
    # via matplotlib
    # via transformers
pandas==2.2.1
    # via pm-kun
pillow==10.2.0
    # via kivy
    # via matplotlib
    # via torchvision
pygments==2.17.2
    # via kivy
    # via kivy-examples
pyparsing==3.1.1
    # via matplotlib
python-dateutil==2.9.0.post0
    # via matplotlib
    # via pandas
pytz==2024.1
    # via pandas
pyyaml==6.0.1
    # via huggingface-hub
    # via transformers
regex==2023.12.25
    # via transformers
requests==2.31.0
    # via huggingface-hub
    # via kivy
    # via kivy-garden
    # via transformers
safetensors==0.4.2
    # via transformers
sentencepiece==0.2.0
    # via pm-kun
six==1.16.0
    # via python-dateutil
sympy==1.12
    # via torch
tokenizers==0.15.2
    # via transformers
torch==2.2.1
    # via pm-kun
    # via torchaudio
    # via torchvision
torchaudio==2.2.1
    # via pm-kun
torchvision==0.17.1
    # via pm-kun
tqdm==4.66.2
    # via huggingface-hub
    # via transformers
transformers==4.38.2
    # via pm-kun
typing-extensions==4.10.0
    # via huggingface-hub
    # via mypy
    # via torch
tzdata==2024.1
    # via pandas
urllib3==2.2.1
    # via requests
